
Microsoft Visual Studio Solution File, Format Version 12.00
# Visual Studio Version 17
VisualStudioVersion = 17.5.33530.505
MinimumVisualStudioVersion = 10.0.40219.1
Project("{FAE04EC0-301F-11D3-BF4B-00C04F79EFBC}") = "Week13SQLiteDB", "Week13SQLiteDB\Week13SQLiteDB.csproj", "{305FEE93-3334-4A00-9215-922D173F9639}"
EndProject
Global
	GlobalSection(SolutionConfigurationPlatforms) = preSolution
		Debug|Any CPU = Debug|Any CPU
		Release|Any CPU = Release|Any CPU
	EndGlobalSection
	GlobalSection(ProjectConfigurationPlatforms) = postSolution
		{305FEE93-3334-4A00-9215-922D173F9639}.Debug|Any CPU.ActiveCfg = Debug|Any CPU
		{305FEE93-3334-4A00-9215-922D173F9639}.Debug|Any CPU.Build.0 = Debug|Any CPU
		{305FEE93-3334-4A00-9215-922D173F9639}.Release|Any CPU.ActiveCfg = Release|Any CPU
		{305FEE93-3334-4A00-9215-922D173F9639}.Release|Any CPU.Build.0 = Release|Any CPU
	EndGlobalSection
	GlobalSection(SolutionProperties) = preSolution
		HideSolutionNode = FALSE
	EndGlobalSection
	GlobalSection(ExtensibilityGlobals) = postSolution
		SolutionGuid = {316B61C7-3C74-46AA-A30F-FF60110EF8E0}
	EndGlobalSection
EndGlobal
